
Microsoft Visual Studio Solution File, Format Version 12.00
# Visual Studio Version 17
VisualStudioVersion = 17.0.31903.59
MinimumVisualStudioVersion = 10.0.40219.1
Project("{2150E333-8FDC-42A3-9474-1A3956D46DE8}") = "Projektmappenelemente", "Projektmappenelemente", "{B70FEB1E-49F7-4E2F-A887-8AE99FA19511}"
	ProjectSection(SolutionItems) = preProject
		Readme.md = Readme.md
		AlpacaService\Release-Notes.md = AlpacaService\Release-Notes.md
	EndProjectSection
EndProject
Project("{9A19103F-16F7-4668-BE54-9A1E7A4F7556}") = "AlpacaService", "AlpacaService\AlpacaService.csproj", "{48637660-5AF6-4487-BFC2-DD1C6E177310}"
EndProject
Project("{9A19103F-16F7-4668-BE54-9A1E7A4F7556}") = "AlpacaService.Tests", "AlpacaServiceTests\AlpacaService.Tests.csproj", "{4C3CA0BB-6DB2-4672-83D5-2B7F003C4A77}"
EndProject
Project("{9A19103F-16F7-4668-BE54-9A1E7A4F7556}") = "IdentityService", "IdentityService\IdentityService.csproj", "{4FADD768-D7F5-498B-BDB9-414B4BA275C4}"
EndProject
Project("{9A19103F-16F7-4668-BE54-9A1E7A4F7556}") = "StrategyService", "StrategyService\StrategyService.csproj", "{17D5A592-CCE4-4488-8233-B487AD232AB1}"
EndProject
Project("{9A19103F-16F7-4668-BE54-9A1E7A4F7556}") = "CORE", "Core\CORE.csproj", "{1A380D1C-C06E-4297-8F3C-AA84CE625760}"
EndProject
Project("{9A19103F-16F7-4668-BE54-9A1E7A4F7556}") = "StrategyService.Tests", "StrategyService.Tests\StrategyService.Tests.csproj", "{C0A4CD5F-869D-4BC8-AA0C-63793E709A25}"
EndProject
Project("{9A19103F-16F7-4668-BE54-9A1E7A4F7556}") = "CORE.Tests", "CORE.Tests\CORE.Tests.csproj", "{363C4696-9A31-4D4F-909F-64E664EFC86F}"
EndProject
Project("{FAE04EC0-301F-11D3-BF4B-00C04F79EFBC}") = "IdentityService.Tests", "IdentityService.Tests\IdentityService.Tests.csproj", "{93F77C02-4E10-4AC7-A23A-94E181C4F112}"
EndProject
Global
	GlobalSection(SolutionConfigurationPlatforms) = preSolution
		Debug|Any CPU = Debug|Any CPU
		Release|Any CPU = Release|Any CPU
	EndGlobalSection
	GlobalSection(ProjectConfigurationPlatforms) = postSolution
		{48637660-5AF6-4487-BFC2-DD1C6E177310}.Debug|Any CPU.ActiveCfg = Debug|Any CPU
		{48637660-5AF6-4487-BFC2-DD1C6E177310}.Debug|Any CPU.Build.0 = Debug|Any CPU
		{48637660-5AF6-4487-BFC2-DD1C6E177310}.Release|Any CPU.ActiveCfg = Release|Any CPU
		{48637660-5AF6-4487-BFC2-DD1C6E177310}.Release|Any CPU.Build.0 = Release|Any CPU
		{4C3CA0BB-6DB2-4672-83D5-2B7F003C4A77}.Debug|Any CPU.ActiveCfg = Debug|Any CPU
		{4C3CA0BB-6DB2-4672-83D5-2B7F003C4A77}.Debug|Any CPU.Build.0 = Debug|Any CPU
		{4C3CA0BB-6DB2-4672-83D5-2B7F003C4A77}.Release|Any CPU.ActiveCfg = Release|Any CPU
		{4C3CA0BB-6DB2-4672-83D5-2B7F003C4A77}.Release|Any CPU.Build.0 = Release|Any CPU
		{4FADD768-D7F5-498B-BDB9-414B4BA275C4}.Debug|Any CPU.ActiveCfg = Debug|Any CPU
		{4FADD768-D7F5-498B-BDB9-414B4BA275C4}.Debug|Any CPU.Build.0 = Debug|Any CPU
		{4FADD768-D7F5-498B-BDB9-414B4BA275C4}.Release|Any CPU.ActiveCfg = Release|Any CPU
		{4FADD768-D7F5-498B-BDB9-414B4BA275C4}.Release|Any CPU.Build.0 = Release|Any CPU
		{17D5A592-CCE4-4488-8233-B487AD232AB1}.Debug|Any CPU.ActiveCfg = Debug|Any CPU
		{17D5A592-CCE4-4488-8233-B487AD232AB1}.Debug|Any CPU.Build.0 = Debug|Any CPU
		{17D5A592-CCE4-4488-8233-B487AD232AB1}.Release|Any CPU.ActiveCfg = Release|Any CPU
		{17D5A592-CCE4-4488-8233-B487AD232AB1}.Release|Any CPU.Build.0 = Release|Any CPU
		{1A380D1C-C06E-4297-8F3C-AA84CE625760}.Debug|Any CPU.ActiveCfg = Debug|Any CPU
		{1A380D1C-C06E-4297-8F3C-AA84CE625760}.Debug|Any CPU.Build.0 = Debug|Any CPU
		{1A380D1C-C06E-4297-8F3C-AA84CE625760}.Release|Any CPU.ActiveCfg = Release|Any CPU
		{1A380D1C-C06E-4297-8F3C-AA84CE625760}.Release|Any CPU.Build.0 = Release|Any CPU
		{C0A4CD5F-869D-4BC8-AA0C-63793E709A25}.Debug|Any CPU.ActiveCfg = Debug|Any CPU
		{C0A4CD5F-869D-4BC8-AA0C-63793E709A25}.Debug|Any CPU.Build.0 = Debug|Any CPU
		{C0A4CD5F-869D-4BC8-AA0C-63793E709A25}.Release|Any CPU.ActiveCfg = Release|Any CPU
		{C0A4CD5F-869D-4BC8-AA0C-63793E709A25}.Release|Any CPU.Build.0 = Release|Any CPU
		{363C4696-9A31-4D4F-909F-64E664EFC86F}.Debug|Any CPU.ActiveCfg = Debug|Any CPU
		{363C4696-9A31-4D4F-909F-64E664EFC86F}.Debug|Any CPU.Build.0 = Debug|Any CPU
		{363C4696-9A31-4D4F-909F-64E664EFC86F}.Release|Any CPU.ActiveCfg = Release|Any CPU
		{363C4696-9A31-4D4F-909F-64E664EFC86F}.Release|Any CPU.Build.0 = Release|Any CPU
		{93F77C02-4E10-4AC7-A23A-94E181C4F112}.Debug|Any CPU.ActiveCfg = Debug|Any CPU
		{93F77C02-4E10-4AC7-A23A-94E181C4F112}.Debug|Any CPU.Build.0 = Debug|Any CPU
		{93F77C02-4E10-4AC7-A23A-94E181C4F112}.Release|Any CPU.ActiveCfg = Release|Any CPU
		{93F77C02-4E10-4AC7-A23A-94E181C4F112}.Release|Any CPU.Build.0 = Release|Any CPU
	EndGlobalSection
	GlobalSection(SolutionProperties) = preSolution
		HideSolutionNode = FALSE
	EndGlobalSection
	GlobalSection(ExtensibilityGlobals) = postSolution
		SolutionGuid = {845A2B65-E4A2-457E-8F4E-47FF7B317A0A}
	EndGlobalSection
EndGlobal
